github.com/cilium/ebpf v0.9.1 h1:64sn2K3UKw8NbP/blsixRpF3nXuyhz/VjRlRzvlBRu4=
github.com/cilium/ebpf v0.9.1/go.mod h1:+OhNOIXx/Fnu1IE8bJz2dzOA+VSfyTfdNUVdlQnxUFY=
github.com/coreos/go-systemd/v22 v22.3.3-0.20220203105225-a9a7ef127534/go.mod h1:Y58oyj3AT4RCenI/lSvhwexgC+NSVTIJ3seZv2GcEnc=
github.com/fbac/sklookup-go v0.0.0-20220919225426-1c8ec00c2b47 h1:Ah29Rgcc4jZ9u3CJm2cuJu4A87UUMtjX1MW0dKuJJVs=
github.com/fbac/sklookup-go v0.0.0-20220919225426-1c8ec00c2b47/go.mod h1:uC2utlzvMHmYYGuTEWwUCx3hPzWvzhSsGmCVGTBiCq8=
github.com/fbac/skproxy/pkg/config v0.0.0-20220920082028-1a40e8b88c74 h1:G6hnvMv95ji3DANZRK4Vnbv7EkdIhrFXbKZjS9PcZ3Q=
github.com/fbac/skproxy/pkg/config v0.0.0-20220920082028-1a40e8b88c74/go.mod h1:Fpk23nPU88xWm8Rj93ycweowMZ1k8yiE3TgDZVOGW8U=
github.com/fbac/skproxy/pkg/lb v0.0.0-20220920082028-1a40e8b88c74 h1:BWSY9TXjTqaeg4VZEsEOeXF6AHmcrCmJr5jJkchNHtE=
github.com/fbac/skproxy/pkg/lb v0.0.0-20220920082028-1a40e8b88c74/go.mod h1:hY9xyridpLTv8vE8rDddB/ZUIdKWbWkMl+exn1vC/xk=
github.com/frankban/quicktest v1.14.0 h1:+cqqvzZV87b4adx/5ayVOaYZ2CrvM4ejQvUdBzPPUss=
github.com/fsnotify/fsnotify v1.5.4 h1:jRbGcIw6P2Meqdwuo0H1p6JVLbL5DHKAKlYndzMwVZI=
github.com/fsnotify/fsnotify v1.5.4/go.mod h1:OVB6XrOHzAwXMpEM7uPOzcehqUV2UqJxmVXmkdnm1bU=
github.com/godbus/dbus/v5 v5.0.4/go.mod h1:xhWf0FNVPg57R7Z0UbKHbJfkEywrmjJnf7w5xrFpKfA=
github.com/google/go-cmp v0.5.6 h1:BKbKCqvP6I+rmFHt06ZmyQtvB8xAkWdhFyr0ZUNZcxQ=
github.com/kr/pretty v0.3.0 h1:WgNl7dwNpEZ6jJ9k1snq4pZsg7DOEN8hP9Xw0Tsjwk0=
github.com/kr/text v0.2.0 h1:5Nx0Ya0ZqY2ygV366QzturHI13Jq95ApcVaJBhpS+AY=
github.com/mattn/go-colorable v0.1.12 h1:jF+Du6AlPIjs2BiUiQlKOX0rt3SujHxPnksPKZbaA40=
github.com/mattn/go-colorable v0.1.12/go.mod h1:u5H1YNBxpqRaxsYJYSkiCWKzEfiAb1Gb520KVy5xxl4=
github.com/mattn/go-isatty v0.0.14 h1:yVuAays6BHfxijgZPzw+3Zlu5yQgKGP2/hcQbHb7S9Y=
github.com/mattn/go-isatty v0.0.14/go.mod h1:7GGIvUiUoEMVVmxf/4nioHXj79iQHKdU27kJ6hsGG94=
github.com/oraoto/go-pidfd v0.1.1 h1:57gTETdUGYpFwRKoKph8ffgeps89DF2qlfxBFdfkHiA=
github.com/oraoto/go-pidfd v0.1.1/go.mod h1:gPWelSU60MvzRX+ToMlKj9lZRkeqybg6qy8cy4+rZWE=
github.com/pkg/errors v0.9.1/go.mod h1:bwawxfHBFNV+L2hUp1rHADufV3IMtnDRdf1r5NINEl0=
github.com/rogpeppe/go-internal v1.6.1 h1:/FiVV8dS/e+YqF2JvO3yXRFbBLTIuSDkuC7aBOAvL+k=
github.com/rs/xid v1.4.0/go.mod h1:trrq9SKmegXys3aeAKXMUTdJsYXVwGY3RLcfgqegfbg=
github.com/rs/zerolog v1.28.0 h1:MirSo27VyNi7RJYP3078AA1+Cyzd2GB66qy3aUHvsWY=
github.com/rs/zerolog v1.28.0/go.mod h1:NILgTygv/Uej1ra5XxGf82ZFSLk58MFGAUS2o6usyD0=
golang.org/x/sys v0.0.0-20210630005230-0f9fa26af87c/go.mod h1:oPkhp1MJrh7nUepCBck5+mAzfO9JrbApNNgaTdGDITg=
golang.org/x/sys v0.0.0-20210927094055-39ccf1dd6fa6/go.mod h1:oPkhp1MJrh7nUepCBck5+mAzfO9JrbApNNgaTdGDITg=
golang.org/x/sys v0.0.0-20220412211240-33da011f77ad h1:ntjMns5wyP/fN65tdBD4g8J5w8n015+iIIs9rtjXkY0=
golang.org/x/sys v0.0.0-20220412211240-33da011f77ad/go.mod h1:oPkhp1MJrh7nUepCBck5+mAzfO9JrbApNNgaTdGDITg=
golang.org/x/xerrors v0.0.0-20191204190536-9bdfabe68543 h1:E7g+9GITq07hpfrRu66IVDexMakfv52eLZ2CXBWiKr4=
